
Microsoft Visual Studio Solution File, Format Version 12.00
# Visual Studio Version 16
VisualStudioVersion = 25.0.1704.1
MinimumVisualStudioVersion = 10.0.40219.1
Project("{FAE04EC0-301F-11D3-BF4B-00C04F79EFBC}") = "alameda-backend", "alameda-backend\alameda-backend.csproj", "{CF4B8D9F-721F-4904-9C85-B3E4074782E1}"
EndProject
Global
	GlobalSection(SolutionConfigurationPlatforms) = preSolution
		Debug|Any CPU = Debug|Any CPU
		Release|Any CPU = Release|Any CPU
	EndGlobalSection
	GlobalSection(ProjectConfigurationPlatforms) = postSolution
		{CF4B8D9F-721F-4904-9C85-B3E4074782E1}.Debug|Any CPU.ActiveCfg = Debug|Any CPU
		{CF4B8D9F-721F-4904-9C85-B3E4074782E1}.Debug|Any CPU.Build.0 = Debug|Any CPU
		{CF4B8D9F-721F-4904-9C85-B3E4074782E1}.Release|Any CPU.ActiveCfg = Release|Any CPU
		{CF4B8D9F-721F-4904-9C85-B3E4074782E1}.Release|Any CPU.Build.0 = Release|Any CPU
	EndGlobalSection
	GlobalSection(SolutionProperties) = preSolution
		HideSolutionNode = FALSE
	EndGlobalSection
	GlobalSection(ExtensibilityGlobals) = postSolution
		SolutionGuid = {822D94ED-4D9E-4E01-B48B-2054797315F7}
	EndGlobalSection
EndGlobal
